
Microsoft Visual Studio Solution File, Format Version 12.00
# Visual Studio Version 17
VisualStudioVersion = 17.11.35222.181
MinimumVisualStudioVersion = 10.0.40219.1
Project("{FAE04EC0-301F-11D3-BF4B-00C04F79EFBC}") = "ThinkBoard", "ThinkBoard\ThinkBoard.csproj", "{D58E59E3-F363-471E-81D0-6442BF0C7F3F}"
EndProject
Global
	GlobalSection(SolutionConfigurationPlatforms) = preSolution
		Debug|Any CPU = Debug|Any CPU
		Release|Any CPU = Release|Any CPU
	EndGlobalSection
	GlobalSection(ProjectConfigurationPlatforms) = postSolution
		{D58E59E3-F363-471E-81D0-6442BF0C7F3F}.Debug|Any CPU.ActiveCfg = Debug|Any CPU
		{D58E59E3-F363-471E-81D0-6442BF0C7F3F}.Debug|Any CPU.Build.0 = Debug|Any CPU
		{D58E59E3-F363-471E-81D0-6442BF0C7F3F}.Release|Any CPU.ActiveCfg = Release|Any CPU
		{D58E59E3-F363-471E-81D0-6442BF0C7F3F}.Release|Any CPU.Build.0 = Release|Any CPU
	EndGlobalSection
	GlobalSection(SolutionProperties) = preSolution
		HideSolutionNode = FALSE
	EndGlobalSection
	GlobalSection(ExtensibilityGlobals) = postSolution
		SolutionGuid = {C17AD3D7-80F8-424E-861C-82B3EEC8E84A}
	EndGlobalSection
EndGlobal
